
Microsoft Visual Studio Solution File, Format Version 12.00
# Visual Studio Version 17
VisualStudioVersion = 17.9.34607.119
MinimumVisualStudioVersion = 10.0.40219.1
Project("{FAE04EC0-301F-11D3-BF4B-00C04F79EFBC}") = "Backend", "Backend.csproj", "{8A48BCE3-5496-4F14-BDD9-715FFF7DF410}"
EndProject
Global
	GlobalSection(SolutionConfigurationPlatforms) = preSolution
		Debug|Any CPU = Debug|Any CPU
		Release|Any CPU = Release|Any CPU
	EndGlobalSection
	GlobalSection(ProjectConfigurationPlatforms) = postSolution
		{8A48BCE3-5496-4F14-BDD9-715FFF7DF410}.Debug|Any CPU.ActiveCfg = Debug|Any CPU
		{8A48BCE3-5496-4F14-BDD9-715FFF7DF410}.Debug|Any CPU.Build.0 = Debug|Any CPU
		{8A48BCE3-5496-4F14-BDD9-715FFF7DF410}.Release|Any CPU.ActiveCfg = Release|Any CPU
		{8A48BCE3-5496-4F14-BDD9-715FFF7DF410}.Release|Any CPU.Build.0 = Release|Any CPU
	EndGlobalSection
	GlobalSection(SolutionProperties) = preSolution
		HideSolutionNode = FALSE
	EndGlobalSection
	GlobalSection(ExtensibilityGlobals) = postSolution
		SolutionGuid = {5850A12D-AB56-42C0-BC4D-00046A2A1593}
	EndGlobalSection
EndGlobal
